# THIS IS AN AUTOGENERATED FILE. DO NOT EDIT THIS FILE DIRECTLY.
# yarn lockfile v1


"@types/node@*":
  version "20.2.1"
  resolved "https://registry.yarnpkg.com/@types/node/-/node-20.2.1.tgz#de559d4b33be9a808fd43372ccee822c70f39704"
  integrity sha512-DqJociPbZP1lbZ5SQPk4oag6W7AyaGMO6gSfRwq3PWl4PXTwJpRQJhDq4W0kzrg3w6tJ1SwlvGZ5uKFHY13LIg==

"@types/node@^18.15.13":
  version "18.16.13"
  resolved "https://registry.yarnpkg.com/@types/node/-/node-18.16.13.tgz#984c48275c718b5b3e47371938f3cff482790598"
  integrity sha512-uZRomboV1vBL61EBXneL4j9/hEn+1Yqa4LQdpGrKmXFyJmVfWc9JV9+yb2AlnOnuaDnb2PDO3hC6/LKmzJxP1A==

"@types/websocket@^1.0.5":
  version "1.0.5"
  resolved "https://registry.yarnpkg.com/@types/websocket/-/websocket-1.0.5.tgz#3fb80ed8e07f88e51961211cd3682a3a4a81569c"
  integrity sha512-NbsqiNX9CnEfC1Z0Vf4mE1SgAJ07JnRYcNex7AJ9zAVzmiGHmjKFEk7O4TJIsgv2B1sLEb6owKFZrACwdYngsQ==
  dependencies:
    "@types/node" "*"

pocketbase@^0.14.0:
  version "0.14.4"
  resolved "https://registry.yarnpkg.com/pocketbase/-/pocketbase-0.14.4.tgz#d661e25a2accb80700537fe43d97fa9b471f3803"
  integrity sha512-FZJmZ7+tRJ6ShK9h8nZJNSPVfDIR1gukqcAjrzc7IS2zgK4PdBv7wwIJtCRdYYBxHMNAvU1uFkpQ0sWE094wuw==

react-use-websocket@^4.3.1:
  version "4.3.1"
  resolved "https://registry.yarnpkg.com/react-use-websocket/-/react-use-websocket-4.3.1.tgz#13cd2fd2e0fb90010482ab2858f8ae81f2ce85c2"
  integrity sha512-zHPLWrgcqydJaak2O5V9hiz4q2dwkwqNQqpgFVmSuPxLZdsZlnDs8DVHy3WtHH+A6ms/8aHIyX7+7ulOcrnR0Q==

ws@^8.13.0:
  version "8.13.0"
  resolved "https://registry.yarnpkg.com/ws/-/ws-8.13.0.tgz#9a9fb92f93cf41512a0735c8f4dd09b8a1211cd0"
  integrity sha512-x9vcZYTrFPC7aSIbj7sRCYo7L/Xb8Iy+pW0ng0wt2vCJv7M9HOMy0UoN3rr+IFC7hb7vXoqS+P9ktyLLLhO+LA==
